
Microsoft Visual Studio Solution File, Format Version 12.00
# Visual Studio Version 16
VisualStudioVersion = 16.0.29926.136
MinimumVisualStudioVersion = 10.0.40219.1
Project("{FAE04EC0-301F-11D3-BF4B-00C04F79EFBC}") = "ClassicAspSample", "ClassicAspSample.csproj", "{6799731C-99D8-47D4-B1EB-5C7EBF2AEFD6}"
EndProject
Global
	GlobalSection(SolutionConfigurationPlatforms) = preSolution
		Debug|Any CPU = Debug|Any CPU
		Release|Any CPU = Release|Any CPU
	EndGlobalSection
	GlobalSection(ProjectConfigurationPlatforms) = postSolution
		{6799731C-99D8-47D4-B1EB-5C7EBF2AEFD6}.Debug|Any CPU.ActiveCfg = Debug|Any CPU
		{6799731C-99D8-47D4-B1EB-5C7EBF2AEFD6}.Debug|Any CPU.Build.0 = Debug|Any CPU
		{6799731C-99D8-47D4-B1EB-5C7EBF2AEFD6}.Release|Any CPU.ActiveCfg = Release|Any CPU
		{6799731C-99D8-47D4-B1EB-5C7EBF2AEFD6}.Release|Any CPU.Build.0 = Release|Any CPU
	EndGlobalSection
	GlobalSection(SolutionProperties) = preSolution
		HideSolutionNode = FALSE
	EndGlobalSection
	GlobalSection(ExtensibilityGlobals) = postSolution
		SolutionGuid = {683C7825-4B77-433F-ACE9-8D5AFD1A2ADD}
	EndGlobalSection
EndGlobal
